
Microsoft Visual Studio Solution File, Format Version 12.00
# Visual Studio 15
Project("{FAE04EC0-301F-11D3-BF4B-00C04F79EFBC}") = "UnityEngine.UI", "UnityEngine.UI.csproj", "{E769E980-7170-6A9E-5E6B-0C862EF88BE3}"
EndProject
Project("{FAE04EC0-301F-11D3-BF4B-00C04F79EFBC}") = "Obi", "Obi.csproj", "{3F525998-EEF8-16CC-8129-04B4B1F79AD9}"
EndProject
Project("{FAE04EC0-301F-11D3-BF4B-00C04F79EFBC}") = "fluxy", "fluxy.csproj", "{0B3CF8C3-181E-F24D-672F-B7F4D05FC8DA}"
EndProject
Project("{FAE04EC0-301F-11D3-BF4B-00C04F79EFBC}") = "UnityEngine.TestRunner", "UnityEngine.TestRunner.csproj", "{4C5884B6-7566-A313-9FA9-CAE0359EC661}"
EndProject
Project("{FAE04EC0-301F-11D3-BF4B-00C04F79EFBC}") = "Unity.Timeline", "Unity.Timeline.csproj", "{975DD7B1-AB3A-EB9A-83BD-4E903538BE8F}"
EndProject
Project("{FAE04EC0-301F-11D3-BF4B-00C04F79EFBC}") = "Unity.TextMeshPro", "Unity.TextMeshPro.csproj", "{70BCDD62-4E61-A05F-0961-4597B902CD60}"
EndProject
Project("{FAE04EC0-301F-11D3-BF4B-00C04F79EFBC}") = "Assembly-CSharp", "Assembly-CSharp.csproj", "{31576F29-0B86-5B0F-2731-4AD550E9A07E}"
EndProject
Project("{FAE04EC0-301F-11D3-BF4B-00C04F79EFBC}") = "Unity.Recorder", "Unity.Recorder.csproj", "{3318A8A3-FFFA-0622-738B-EB69A545F3A7}"
EndProject
Project("{FAE04EC0-301F-11D3-BF4B-00C04F79EFBC}") = "Assembly-CSharp-firstpass", "Assembly-CSharp-firstpass.csproj", "{9567DFD1-446F-5AD0-A445-BDD9481F7787}"
EndProject
Project("{FAE04EC0-301F-11D3-BF4B-00C04F79EFBC}") = "Unity.Recorder.Base", "Unity.Recorder.Base.csproj", "{6C427EC2-AF41-A484-2FF5-AF3C5F40F1A7}"
EndProject
Project("{FAE04EC0-301F-11D3-BF4B-00C04F79EFBC}") = "Obi.Editor", "Obi.Editor.csproj", "{8727C731-FBAE-EB7D-FA13-DD1647672D79}"
EndProject
Project("{FAE04EC0-301F-11D3-BF4B-00C04F79EFBC}") = "UnityEditor.TestRunner", "UnityEditor.TestRunner.csproj", "{45406584-4219-A624-B25C-CF07B6F9D1E5}"
EndProject
Project("{FAE04EC0-301F-11D3-BF4B-00C04F79EFBC}") = "Unity.PlasticSCM.Editor", "Unity.PlasticSCM.Editor.csproj", "{E2B33AC4-942E-6C15-1219-3ADBBE7675C4}"
EndProject
Project("{FAE04EC0-301F-11D3-BF4B-00C04F79EFBC}") = "UnityEditor.UI", "UnityEditor.UI.csproj", "{B7260387-9BA7-1C55-B36E-29D37D191B1A}"
EndProject
Project("{FAE04EC0-301F-11D3-BF4B-00C04F79EFBC}") = "Unity.Timeline.Editor", "Unity.Timeline.Editor.csproj", "{50B2ACE6-7745-30F3-9D7C-2373B2EE6218}"
EndProject
Project("{FAE04EC0-301F-11D3-BF4B-00C04F79EFBC}") = "Unity.VisualStudio.Editor", "Unity.VisualStudio.Editor.csproj", "{32B5D4EF-0D45-513B-B1C1-470DAB2FCFAF}"
EndProject
Project("{FAE04EC0-301F-11D3-BF4B-00C04F79EFBC}") = "Unity.Recorder.Editor", "Unity.Recorder.Editor.csproj", "{92E4CEA8-72A4-69A5-76F2-5AC5CC855606}"
EndProject
Project("{FAE04EC0-301F-11D3-BF4B-00C04F79EFBC}") = "Unity.TextMeshPro.Editor", "Unity.TextMeshPro.Editor.csproj", "{6F1CC2DD-49C0-2F85-218C-0244FFA98392}"
EndProject
Project("{FAE04EC0-301F-11D3-BF4B-00C04F79EFBC}") = "Unity.CollabProxy.Editor", "Unity.CollabProxy.Editor.csproj", "{0D8B538D-64B5-FC48-68A8-1F0FFFA2A853}"
EndProject
Project("{FAE04EC0-301F-11D3-BF4B-00C04F79EFBC}") = "Assembly-CSharp-Editor", "Assembly-CSharp-Editor.csproj", "{719BBC0A-E35D-A713-744D-21C7A9FCE618}"
EndProject
Project("{FAE04EC0-301F-11D3-BF4B-00C04F79EFBC}") = "Unity.Rider.Editor", "Unity.Rider.Editor.csproj", "{816E2A98-9A11-A849-8F19-6256F56716DC}"
EndProject
Project("{FAE04EC0-301F-11D3-BF4B-00C04F79EFBC}") = "Unity.VSCode.Editor", "Unity.VSCode.Editor.csproj", "{0D5D5593-98DC-6790-212C-0C107A00B49D}"
EndProject
Project("{FAE04EC0-301F-11D3-BF4B-00C04F79EFBC}") = "FluXYEditor", "FluXYEditor.csproj", "{F71100F7-4927-8799-6B1F-1D2500842437}"
EndProject
Project("{FAE04EC0-301F-11D3-BF4B-00C04F79EFBC}") = "UnityEngine.UI", "UnityEngine.UI.Player.csproj", "{63F0A614-D505-85E0-2C79-48560AF899B7}"
EndProject
Project("{FAE04EC0-301F-11D3-BF4B-00C04F79EFBC}") = "Obi", "Obi.Player.csproj", "{D6B62893-39DA-905B-7978-8FFA2F63A4BA}"
EndProject
Project("{FAE04EC0-301F-11D3-BF4B-00C04F79EFBC}") = "fluxy", "fluxy.Player.csproj", "{4694635E-046D-3A47-B284-2A2CFEEE25E5}"
EndProject
Project("{FAE04EC0-301F-11D3-BF4B-00C04F79EFBC}") = "UnityEngine.TestRunner", "UnityEngine.TestRunner.Player.csproj", "{6E4B8CC6-9BF8-A29A-F7A3-2CED9549E559}"
EndProject
Project("{FAE04EC0-301F-11D3-BF4B-00C04F79EFBC}") = "Unity.Timeline", "Unity.Timeline.Player.csproj", "{942A69DA-5780-4452-FF2E-C4A71533FB7A}"
EndProject
Project("{FAE04EC0-301F-11D3-BF4B-00C04F79EFBC}") = "Unity.TextMeshPro", "Unity.TextMeshPro.Player.csproj", "{DDCAA0A8-658F-F262-D7C2-1FD1DEB24A71}"
EndProject
Project("{FAE04EC0-301F-11D3-BF4B-00C04F79EFBC}") = "Assembly-CSharp", "Assembly-CSharp.Player.csproj", "{CDB70A88-5CA5-1B8E-B7E2-4D234BCE425D}"
EndProject
Project("{FAE04EC0-301F-11D3-BF4B-00C04F79EFBC}") = "Unity.Recorder", "Unity.Recorder.Player.csproj", "{D4F97511-2A46-5B46-E3FA-ED8E03AC4694}"
EndProject
Project("{FAE04EC0-301F-11D3-BF4B-00C04F79EFBC}") = "Assembly-CSharp-firstpass", "Assembly-CSharp-firstpass.Player.csproj", "{3ED8B1BF-60D8-CCB1-29E9-C10A22F99690}"
EndProject
Project("{FAE04EC0-301F-11D3-BF4B-00C04F79EFBC}") = "Unity.Recorder.Base", "Unity.Recorder.Base.Player.csproj", "{E2DED472-961F-B095-714B-779E6F34EC3B}"
EndProject
Global
	GlobalSection(SolutionConfigurationPlatforms) = preSolution
		Debug|Any CPU = Debug|Any CPU
		Release|Any CPU = Release|Any CPU
	EndGlobalSection
	GlobalSection(ProjectConfigurationPlatforms) = postSolution
		{E769E980-7170-6A9E-5E6B-0C862EF88BE3}.Debug|Any CPU.ActiveCfg = Debug|Any CPU
		{E769E980-7170-6A9E-5E6B-0C862EF88BE3}.Debug|Any CPU.Build.0 = Debug|Any CPU
		{E769E980-7170-6A9E-5E6B-0C862EF88BE3}.Release|Any CPU.ActiveCfg = Release|Any CPU
		{E769E980-7170-6A9E-5E6B-0C862EF88BE3}.Release|Any CPU.Build.0 = Release|Any CPU
		{3F525998-EEF8-16CC-8129-04B4B1F79AD9}.Debug|Any CPU.ActiveCfg = Debug|Any CPU
		{3F525998-EEF8-16CC-8129-04B4B1F79AD9}.Debug|Any CPU.Build.0 = Debug|Any CPU
		{3F525998-EEF8-16CC-8129-04B4B1F79AD9}.Release|Any CPU.ActiveCfg = Release|Any CPU
		{3F525998-EEF8-16CC-8129-04B4B1F79AD9}.Release|Any CPU.Build.0 = Release|Any CPU
		{0B3CF8C3-181E-F24D-672F-B7F4D05FC8DA}.Debug|Any CPU.ActiveCfg = Debug|Any CPU
		{0B3CF8C3-181E-F24D-672F-B7F4D05FC8DA}.Debug|Any CPU.Build.0 = Debug|Any CPU
		{0B3CF8C3-181E-F24D-672F-B7F4D05FC8DA}.Release|Any CPU.ActiveCfg = Release|Any CPU
		{0B3CF8C3-181E-F24D-672F-B7F4D05FC8DA}.Release|Any CPU.Build.0 = Release|Any CPU
		{4C5884B6-7566-A313-9FA9-CAE0359EC661}.Debug|Any CPU.ActiveCfg = Debug|Any CPU
		{4C5884B6-7566-A313-9FA9-CAE0359EC661}.Debug|Any CPU.Build.0 = Debug|Any CPU
		{4C5884B6-7566-A313-9FA9-CAE0359EC661}.Release|Any CPU.ActiveCfg = Release|Any CPU
		{4C5884B6-7566-A313-9FA9-CAE0359EC661}.Release|Any CPU.Build.0 = Release|Any CPU
		{975DD7B1-AB3A-EB9A-83BD-4E903538BE8F}.Debug|Any CPU.ActiveCfg = Debug|Any CPU
		{975DD7B1-AB3A-EB9A-83BD-4E903538BE8F}.Debug|Any CPU.Build.0 = Debug|Any CPU
		{975DD7B1-AB3A-EB9A-83BD-4E903538BE8F}.Release|Any CPU.ActiveCfg = Release|Any CPU
		{975DD7B1-AB3A-EB9A-83BD-4E903538BE8F}.Release|Any CPU.Build.0 = Release|Any CPU
		{70BCDD62-4E61-A05F-0961-4597B902CD60}.Debug|Any CPU.ActiveCfg = Debug|Any CPU
		{70BCDD62-4E61-A05F-0961-4597B902CD60}.Debug|Any CPU.Build.0 = Debug|Any CPU
		{70BCDD62-4E61-A05F-0961-4597B902CD60}.Release|Any CPU.ActiveCfg = Release|Any CPU
		{70BCDD62-4E61-A05F-0961-4597B902CD60}.Release|Any CPU.Build.0 = Release|Any CPU
		{31576F29-0B86-5B0F-2731-4AD550E9A07E}.Debug|Any CPU.ActiveCfg = Debug|Any CPU
		{31576F29-0B86-5B0F-2731-4AD550E9A07E}.Debug|Any CPU.Build.0 = Debug|Any CPU
		{31576F29-0B86-5B0F-2731-4AD550E9A07E}.Release|Any CPU.ActiveCfg = Release|Any CPU
		{31576F29-0B86-5B0F-2731-4AD550E9A07E}.Release|Any CPU.Build.0 = Release|Any CPU
		{3318A8A3-FFFA-0622-738B-EB69A545F3A7}.Debug|Any CPU.ActiveCfg = Debug|Any CPU
		{3318A8A3-FFFA-0622-738B-EB69A545F3A7}.Debug|Any CPU.Build.0 = Debug|Any CPU
		{3318A8A3-FFFA-0622-738B-EB69A545F3A7}.Release|Any CPU.ActiveCfg = Release|Any CPU
		{3318A8A3-FFFA-0622-738B-EB69A545F3A7}.Release|Any CPU.Build.0 = Release|Any CPU
		{9567DFD1-446F-5AD0-A445-BDD9481F7787}.Debug|Any CPU.ActiveCfg = Debug|Any CPU
		{9567DFD1-446F-5AD0-A445-BDD9481F7787}.Debug|Any CPU.Build.0 = Debug|Any CPU
		{9567DFD1-446F-5AD0-A445-BDD9481F7787}.Release|Any CPU.ActiveCfg = Release|Any CPU
		{9567DFD1-446F-5AD0-A445-BDD9481F7787}.Release|Any CPU.Build.0 = Release|Any CPU
		{6C427EC2-AF41-A484-2FF5-AF3C5F40F1A7}.Debug|Any CPU.ActiveCfg = Debug|Any CPU
		{6C427EC2-AF41-A484-2FF5-AF3C5F40F1A7}.Debug|Any CPU.Build.0 = Debug|Any CPU
		{6C427EC2-AF41-A484-2FF5-AF3C5F40F1A7}.Release|Any CPU.ActiveCfg = Release|Any CPU
		{6C427EC2-AF41-A484-2FF5-AF3C5F40F1A7}.Release|Any CPU.Build.0 = Release|Any CPU
		{8727C731-FBAE-EB7D-FA13-DD1647672D79}.Debug|Any CPU.ActiveCfg = Debug|Any CPU
		{8727C731-FBAE-EB7D-FA13-DD1647672D79}.Debug|Any CPU.Build.0 = Debug|Any CPU
		{8727C731-FBAE-EB7D-FA13-DD1647672D79}.Release|Any CPU.ActiveCfg = Release|Any CPU
		{8727C731-FBAE-EB7D-FA13-DD1647672D79}.Release|Any CPU.Build.0 = Release|Any CPU
		{45406584-4219-A624-B25C-CF07B6F9D1E5}.Debug|Any CPU.ActiveCfg = Debug|Any CPU
		{45406584-4219-A624-B25C-CF07B6F9D1E5}.Debug|Any CPU.Build.0 = Debug|Any CPU
		{45406584-4219-A624-B25C-CF07B6F9D1E5}.Release|Any CPU.ActiveCfg = Release|Any CPU
		{45406584-4219-A624-B25C-CF07B6F9D1E5}.Release|Any CPU.Build.0 = Release|Any CPU
		{E2B33AC4-942E-6C15-1219-3ADBBE7675C4}.Debug|Any CPU.ActiveCfg = Debug|Any CPU
		{E2B33AC4-942E-6C15-1219-3ADBBE7675C4}.Debug|Any CPU.Build.0 = Debug|Any CPU
		{E2B33AC4-942E-6C15-1219-3ADBBE7675C4}.Release|Any CPU.ActiveCfg = Release|Any CPU
		{E2B33AC4-942E-6C15-1219-3ADBBE7675C4}.Release|Any CPU.Build.0 = Release|Any CPU
		{B7260387-9BA7-1C55-B36E-29D37D191B1A}.Debug|Any CPU.ActiveCfg = Debug|Any CPU
		{B7260387-9BA7-1C55-B36E-29D37D191B1A}.Debug|Any CPU.Build.0 = Debug|Any CPU
		{B7260387-9BA7-1C55-B36E-29D37D191B1A}.Release|Any CPU.ActiveCfg = Release|Any CPU
		{B7260387-9BA7-1C55-B36E-29D37D191B1A}.Release|Any CPU.Build.0 = Release|Any CPU
		{50B2ACE6-7745-30F3-9D7C-2373B2EE6218}.Debug|Any CPU.ActiveCfg = Debug|Any CPU
		{50B2ACE6-7745-30F3-9D7C-2373B2EE6218}.Debug|Any CPU.Build.0 = Debug|Any CPU
		{50B2ACE6-7745-30F3-9D7C-2373B2EE6218}.Release|Any CPU.ActiveCfg = Release|Any CPU
		{50B2ACE6-7745-30F3-9D7C-2373B2EE6218}.Release|Any CPU.Build.0 = Release|Any CPU
		{32B5D4EF-0D45-513B-B1C1-470DAB2FCFAF}.Debug|Any CPU.ActiveCfg = Debug|Any CPU
		{32B5D4EF-0D45-513B-B1C1-470DAB2FCFAF}.Debug|Any CPU.Build.0 = Debug|Any CPU
		{32B5D4EF-0D45-513B-B1C1-470DAB2FCFAF}.Release|Any CPU.ActiveCfg = Release|Any CPU
		{32B5D4EF-0D45-513B-B1C1-470DAB2FCFAF}.Release|Any CPU.Build.0 = Release|Any CPU
		{92E4CEA8-72A4-69A5-76F2-5AC5CC855606}.Debug|Any CPU.ActiveCfg = Debug|Any CPU
		{92E4CEA8-72A4-69A5-76F2-5AC5CC855606}.Debug|Any CPU.Build.0 = Debug|Any CPU
		{92E4CEA8-72A4-69A5-76F2-5AC5CC855606}.Release|Any CPU.ActiveCfg = Release|Any CPU
		{92E4CEA8-72A4-69A5-76F2-5AC5CC855606}.Release|Any CPU.Build.0 = Release|Any CPU
		{6F1CC2DD-49C0-2F85-218C-0244FFA98392}.Debug|Any CPU.ActiveCfg = Debug|Any CPU
		{6F1CC2DD-49C0-2F85-218C-0244FFA98392}.Debug|Any CPU.Build.0 = Debug|Any CPU
		{6F1CC2DD-49C0-2F85-218C-0244FFA98392}.Release|Any CPU.ActiveCfg = Release|Any CPU
		{6F1CC2DD-49C0-2F85-218C-0244FFA98392}.Release|Any CPU.Build.0 = Release|Any CPU
		{0D8B538D-64B5-FC48-68A8-1F0FFFA2A853}.Debug|Any CPU.ActiveCfg = Debug|Any CPU
		{0D8B538D-64B5-FC48-68A8-1F0FFFA2A853}.Debug|Any CPU.Build.0 = Debug|Any CPU
		{0D8B538D-64B5-FC48-68A8-1F0FFFA2A853}.Release|Any CPU.ActiveCfg = Release|Any CPU
		{0D8B538D-64B5-FC48-68A8-1F0FFFA2A853}.Release|Any CPU.Build.0 = Release|Any CPU
		{719BBC0A-E35D-A713-744D-21C7A9FCE618}.Debug|Any CPU.ActiveCfg = Debug|Any CPU
		{719BBC0A-E35D-A713-744D-21C7A9FCE618}.Debug|Any CPU.Build.0 = Debug|Any CPU
		{719BBC0A-E35D-A713-744D-21C7A9FCE618}.Release|Any CPU.ActiveCfg = Release|Any CPU
		{719BBC0A-E35D-A713-744D-21C7A9FCE618}.Release|Any CPU.Build.0 = Release|Any CPU
		{816E2A98-9A11-A849-8F19-6256F56716DC}.Debug|Any CPU.ActiveCfg = Debug|Any CPU
		{816E2A98-9A11-A849-8F19-6256F56716DC}.Debug|Any CPU.Build.0 = Debug|Any CPU
		{816E2A98-9A11-A849-8F19-6256F56716DC}.Release|Any CPU.ActiveCfg = Release|Any CPU
		{816E2A98-9A11-A849-8F19-6256F56716DC}.Release|Any CPU.Build.0 = Release|Any CPU
		{0D5D5593-98DC-6790-212C-0C107A00B49D}.Debug|Any CPU.ActiveCfg = Debug|Any CPU
		{0D5D5593-98DC-6790-212C-0C107A00B49D}.Debug|Any CPU.Build.0 = Debug|Any CPU
		{0D5D5593-98DC-6790-212C-0C107A00B49D}.Release|Any CPU.ActiveCfg = Release|Any CPU
		{0D5D5593-98DC-6790-212C-0C107A00B49D}.Release|Any CPU.Build.0 = Release|Any CPU
		{F71100F7-4927-8799-6B1F-1D2500842437}.Debug|Any CPU.ActiveCfg = Debug|Any CPU
		{F71100F7-4927-8799-6B1F-1D2500842437}.Debug|Any CPU.Build.0 = Debug|Any CPU
		{F71100F7-4927-8799-6B1F-1D2500842437}.Release|Any CPU.ActiveCfg = Release|Any CPU
		{F71100F7-4927-8799-6B1F-1D2500842437}.Release|Any CPU.Build.0 = Release|Any CPU
		{63F0A614-D505-85E0-2C79-48560AF899B7}.Debug|Any CPU.ActiveCfg = Debug|Any CPU
		{63F0A614-D505-85E0-2C79-48560AF899B7}.Debug|Any CPU.Build.0 = Debug|Any CPU
		{63F0A614-D505-85E0-2C79-48560AF899B7}.Release|Any CPU.ActiveCfg = Release|Any CPU
		{63F0A614-D505-85E0-2C79-48560AF899B7}.Release|Any CPU.Build.0 = Release|Any CPU
		{D6B62893-39DA-905B-7978-8FFA2F63A4BA}.Debug|Any CPU.ActiveCfg = Debug|Any CPU
		{D6B62893-39DA-905B-7978-8FFA2F63A4BA}.Debug|Any CPU.Build.0 = Debug|Any CPU
		{D6B62893-39DA-905B-7978-8FFA2F63A4BA}.Release|Any CPU.ActiveCfg = Release|Any CPU
		{D6B62893-39DA-905B-7978-8FFA2F63A4BA}.Release|Any CPU.Build.0 = Release|Any CPU
		{4694635E-046D-3A47-B284-2A2CFEEE25E5}.Debug|Any CPU.ActiveCfg = Debug|Any CPU
		{4694635E-046D-3A47-B284-2A2CFEEE25E5}.Debug|Any CPU.Build.0 = Debug|Any CPU
		{4694635E-046D-3A47-B284-2A2CFEEE25E5}.Release|Any CPU.ActiveCfg = Release|Any CPU
		{4694635E-046D-3A47-B284-2A2CFEEE25E5}.Release|Any CPU.Build.0 = Release|Any CPU
		{6E4B8CC6-9BF8-A29A-F7A3-2CED9549E559}.Debug|Any CPU.ActiveCfg = Debug|Any CPU
		{6E4B8CC6-9BF8-A29A-F7A3-2CED9549E559}.Debug|Any CPU.Build.0 = Debug|Any CPU
		{6E4B8CC6-9BF8-A29A-F7A3-2CED9549E559}.Release|Any CPU.ActiveCfg = Release|Any CPU
		{6E4B8CC6-9BF8-A29A-F7A3-2CED9549E559}.Release|Any CPU.Build.0 = Release|Any CPU
		{942A69DA-5780-4452-FF2E-C4A71533FB7A}.Debug|Any CPU.ActiveCfg = Debug|Any CPU
		{942A69DA-5780-4452-FF2E-C4A71533FB7A}.Debug|Any CPU.Build.0 = Debug|Any CPU
		{942A69DA-5780-4452-FF2E-C4A71533FB7A}.Release|Any CPU.ActiveCfg = Release|Any CPU
		{942A69DA-5780-4452-FF2E-C4A71533FB7A}.Release|Any CPU.Build.0 = Release|Any CPU
		{DDCAA0A8-658F-F262-D7C2-1FD1DEB24A71}.Debug|Any CPU.ActiveCfg = Debug|Any CPU
		{DDCAA0A8-658F-F262-D7C2-1FD1DEB24A71}.Debug|Any CPU.Build.0 = Debug|Any CPU
		{DDCAA0A8-658F-F262-D7C2-1FD1DEB24A71}.Release|Any CPU.ActiveCfg = Release|Any CPU
		{DDCAA0A8-658F-F262-D7C2-1FD1DEB24A71}.Release|Any CPU.Build.0 = Release|Any CPU
		{CDB70A88-5CA5-1B8E-B7E2-4D234BCE425D}.Debug|Any CPU.ActiveCfg = Debug|Any CPU
		{CDB70A88-5CA5-1B8E-B7E2-4D234BCE425D}.Debug|Any CPU.Build.0 = Debug|Any CPU
		{CDB70A88-5CA5-1B8E-B7E2-4D234BCE425D}.Release|Any CPU.ActiveCfg = Release|Any CPU
		{CDB70A88-5CA5-1B8E-B7E2-4D234BCE425D}.Release|Any CPU.Build.0 = Release|Any CPU
		{D4F97511-2A46-5B46-E3FA-ED8E03AC4694}.Debug|Any CPU.ActiveCfg = Debug|Any CPU
		{D4F97511-2A46-5B46-E3FA-ED8E03AC4694}.Debug|Any CPU.Build.0 = Debug|Any CPU
		{D4F97511-2A46-5B46-E3FA-ED8E03AC4694}.Release|Any CPU.ActiveCfg = Release|Any CPU
		{D4F97511-2A46-5B46-E3FA-ED8E03AC4694}.Release|Any CPU.Build.0 = Release|Any CPU
		{3ED8B1BF-60D8-CCB1-29E9-C10A22F99690}.Debug|Any CPU.ActiveCfg = Debug|Any CPU
		{3ED8B1BF-60D8-CCB1-29E9-C10A22F99690}.Debug|Any CPU.Build.0 = Debug|Any CPU
		{3ED8B1BF-60D8-CCB1-29E9-C10A22F99690}.Release|Any CPU.ActiveCfg = Release|Any CPU
		{3ED8B1BF-60D8-CCB1-29E9-C10A22F99690}.Release|Any CPU.Build.0 = Release|Any CPU
		{E2DED472-961F-B095-714B-779E6F34EC3B}.Debug|Any CPU.ActiveCfg = Debug|Any CPU
		{E2DED472-961F-B095-714B-779E6F34EC3B}.Debug|Any CPU.Build.0 = Debug|Any CPU
		{E2DED472-961F-B095-714B-779E6F34EC3B}.Release|Any CPU.ActiveCfg = Release|Any CPU
		{E2DED472-961F-B095-714B-779E6F34EC3B}.Release|Any CPU.Build.0 = Release|Any CPU
	EndGlobalSection
	GlobalSection(SolutionProperties) = preSolution
		HideSolutionNode = FALSE
	EndGlobalSection
EndGlobal
